// !$*UTF8*$!
{
	archiveVersion = 1;
	classes = {
	};
	objectVersion = 50;
	objects = {

/* Begin PBXBuildFile section */
		F5A69CB522A001B00032BE5D /* AppDelegate.swift in Sources */ = {isa = PBXBuildFile; fileRef = F5A69CB422A001B00032BE5D /* AppDelegate.swift */; };
		F5A69CB722A001B00032BE5D /* ViewController.swift in Sources */ = {isa = PBXBuildFile; fileRef = F5A69CB622A001B00032BE5D /* ViewController.swift */; };
		F5A69CBA22A001B00032BE5D /* Main.storyboard in Resources */ = {isa = PBXBuildFile; fileRef = F5A69CB822A001B00032BE5D /* Main.storyboard */; };
		F5A69CBC22A001B10032BE5D /* Assets.xcassets in Resources */ = {isa = PBXBuildFile; fileRef = F5A69CBB22A001B10032BE5D /* Assets.xcassets */; };
		F5A69CBF22A001B10032BE5D /* LaunchScreen.storyboard in Resources */ = {isa = PBXBuildFile; fileRef = F5A69CBD22A001B10032BE5D /* LaunchScreen.storyboard */; };
		F5A69CC722A002C40032BE5D /* Sortable.swift in Sources */ = {isa = PBXBuildFile; fileRef = F5A69CC622A002C40032BE5D /* Sortable.swift */; };
		F5A69CC922A005D00032BE5D /* HeapSort.swift in Sources */ = {isa = PBXBuildFile; fileRef = F5A69CC822A005D00032BE5D /* HeapSort.swift */; };
		F5A69CCB22A0078B0032BE5D /* InsertSort.swift in Sources */ = {isa = PBXBuildFile; fileRef = F5A69CCA22A0078B0032BE5D /* InsertSort.swift */; };
		F5A69CCD22A007A90032BE5D /* ShellSort.swift in Sources */ = {isa = PBXBuildFile; fileRef = F5A69CCC22A007A90032BE5D /* ShellSort.swift */; };
		F5A69CCF22A007B00032BE5D /* SelectSort.swift in Sources */ = {isa = PBXBuildFile; fileRef = F5A69CCE22A007B00032BE5D /* SelectSort.swift */; };
		F5A69CD122A007BF0032BE5D /* BubbleSort.swift in Sources */ = {isa = PBXBuildFile; fileRef = F5A69CD022A007BF0032BE5D /* BubbleSort.swift */; };
		F5A69CD322A009AB0032BE5D /* MergeSort.swift in Sources */ = {isa = PBXBuildFile; fileRef = F5A69CD222A009AB0032BE5D /* MergeSort.swift */; };
		F5A69CD522A00B820032BE5D /* QuickSort.swift in Sources */ = {isa = PBXBuildFile; fileRef = F5A69CD422A00B820032BE5D /* QuickSort.swift */; };
		F5BF5D2322A10EB30063389E /* SortTypeManager.swift in Sources */ = {isa = PBXBuildFile; fileRef = F5BF5D2222A10EB30063389E /* SortTypeManager.swift */; };
		F5BF5D2522A112750063389E /* ArrayTypeManager.swift in Sources */ = {isa = PBXBuildFile; fileRef = F5BF5D2422A112750063389E /* ArrayTypeManager.swift */; };
		F5BF5D2722A123900063389E /* SortResultManager.swift in Sources */ = {isa = PBXBuildFile; fileRef = F5BF5D2622A123900063389E /* SortResultManager.swift */; };
/* End PBXBuildFile section */

/* Begin PBXFileReference section */
		F5A69CB122A001B00032BE5D /* TimeSort.app */ = {isa = PBXFileReference; explicitFileType = wrapper.application; includeInIndex = 0; path = TimeSort.app; sourceTree = BUILT_PRODUCTS_DIR; };
		F5A69CB422A001B00032BE5D /* AppDelegate.swift */ = {isa = PBXFileReference; lastKnownFileType = sourcecode.swift; path = AppDelegate.swift; sourceTree = "<group>"; };
		F5A69CB622A001B00032BE5D /* ViewController.swift */ = {isa = PBXFileReference; lastKnownFileType = sourcecode.swift; path = ViewController.swift; sourceTree = "<group>"; };
		F5A69CB922A001B00032BE5D /* Base */ = {isa = PBXFileReference; lastKnownFileType = file.storyboard; name = Base; path = Base.lproj/Main.storyboard; sourceTree = "<group>"; };
		F5A69CBB22A001B10032BE5D /* Assets.xcassets */ = {isa = PBXFileReference; lastKnownFileType = folder.assetcatalog; path = Assets.xcassets; sourceTree = "<group>"; };
		F5A69CBE22A001B10032BE5D /* Base */ = {isa = PBXFileReference; lastKnownFileType = file.storyboard; name = Base; path = Base.lproj/LaunchScreen.storyboard; sourceTree = "<group>"; };
		F5A69CC022A001B10032BE5D /* Info.plist */ = {isa = PBXFileReference; lastKnownFileType = text.plist.xml; path = Info.plist; sourceTree = "<group>"; };
		F5A69CC622A002C40032BE5D /* Sortable.swift */ = {isa = PBXFileReference; lastKnownFileType = sourcecode.swift; path = Sortable.swift; sourceTree = "<group>"; };
		F5A69CC822A005D00032BE5D /* HeapSort.swift */ = {isa = PBXFileReference; lastKnownFileType = sourcecode.swift; path = HeapSort.swift; sourceTree = "<group>"; };
		F5A69CCA22A0078B0032BE5D /* InsertSort.swift */ = {isa = PBXFileReference; lastKnownFileType = sourcecode.swift; path = InsertSort.swift; sourceTree = "<group>"; };
		F5A69CCC22A007A90032BE5D /* ShellSort.swift */ = {isa = PBXFileReference; lastKnownFileType = sourcecode.swift; path = ShellSort.swift; sourceTree = "<group>"; };
		F5A69CCE22A007B00032BE5D /* SelectSort.swift */ = {isa = PBXFileReference; lastKnownFileType = sourcecode.swift; path = SelectSort.swift; sourceTree = "<group>"; };
		F5A69CD022A007BF0032BE5D /* BubbleSort.swift */ = {isa = PBXFileReference; lastKnownFileType = sourcecode.swift; path = BubbleSort.swift; sourceTree = "<group>"; };
		F5A69CD222A009AB0032BE5D /* MergeSort.swift */ = {isa = PBXFileReference; lastKnownFileType = sourcecode.swift; path = MergeSort.swift; sourceTree = "<group>"; };
		F5A69CD422A00B820032BE5D /* QuickSort.swift */ = {isa = PBXFileReference; lastKnownFileType = sourcecode.swift; path = QuickSort.swift; sourceTree = "<group>"; };
		F5BF5D2222A10EB30063389E /* SortTypeManager.swift */ = {isa = PBXFileReference; lastKnownFileType = sourcecode.swift; path = SortTypeManager.swift; sourceTree = "<group>"; };
		F5BF5D2422A112750063389E /* ArrayTypeManager.swift */ = {isa = PBXFileReference; lastKnownFileType = sourcecode.swift; path = ArrayTypeManager.swift; sourceTree = "<group>"; };
		F5BF5D2622A123900063389E /* SortResultManager.swift */ = {isa = PBXFileReference; lastKnownFileType = sourcecode.swift; path = SortResultManager.swift; sourceTree = "<group>"; };
/* End PBXFileReference section */

/* Begin PBXFrameworksBuildPhase section */
		F5A69CAE22A001B00032BE5D /* Frameworks */ = {
			isa = PBXFrameworksBuildPhase;
			buildActionMask = 2147483647;
			files = (
			);
			runOnlyForDeploymentPostprocessing = 0;
		};
/* End PBXFrameworksBuildPhase section */

/* Begin PBXGroup section */
		F5A69CA822A001B00032BE5D = {
			isa = PBXGroup;
			children = (
				F5A69CB322A001B00032BE5D /* TimeSort */,
				F5A69CB222A001B00032BE5D /* Products */,
			);
			sourceTree = "<group>";
		};
		F5A69CB222A001B00032BE5D /* Products */ = {
			isa = PBXGroup;
			children = (
				F5A69CB122A001B00032BE5D /* TimeSort.app */,
			);
			name = Products;
			sourceTree = "<group>";
		};
		F5A69CB322A001B00032BE5D /* TimeSort */ = {
			isa = PBXGroup;
			children = (
				F5A69CB422A001B00032BE5D /* AppDelegate.swift */,
				F5A69CB622A001B00032BE5D /* ViewController.swift */,
				F5BF5D2622A123900063389E /* SortResultManager.swift */,
				F5BF5D2222A10EB30063389E /* SortTypeManager.swift */,
				F5BF5D2422A112750063389E /* ArrayTypeManager.swift */,
				F5A69CD422A00B820032BE5D /* QuickSort.swift */,
				F5A69CCA22A0078B0032BE5D /* InsertSort.swift */,
				F5A69CC822A005D00032BE5D /* HeapSort.swift */,
				F5A69CD022A007BF0032BE5D /* BubbleSort.swift */,
				F5A69CCE22A007B00032BE5D /* SelectSort.swift */,
				F5A69CD222A009AB0032BE5D /* MergeSort.swift */,
				F5A69CCC22A007A90032BE5D /* ShellSort.swift */,
				F5A69CC622A002C40032BE5D /* Sortable.swift */,
				F5A69CB822A001B00032BE5D /* Main.storyboard */,
				F5A69CBB22A001B10032BE5D /* Assets.xcassets */,
				F5A69CBD22A001B10032BE5D /* LaunchScreen.storyboard */,
				F5A69CC022A001B10032BE5D /* Info.plist */,
			);
			path = TimeSort;
			sourceTree = "<group>";
		};
/* End PBXGroup section */

/* Begin PBXNativeTarget section */
		F5A69CB022A001B00032BE5D /* TimeSort */ = {
			isa = PBXNativeTarget;
			buildConfigurationList = F5A69CC322A001B10032BE5D /* Build configuration list for PBXNativeTarget "TimeSort" */;
			buildPhases = (
				F5A69CAD22A001B00032BE5D /* Sources */,
				F5A69CAE22A001B00032BE5D /* Frameworks */,
				F5A69CAF22A001B00032BE5D /* Resources */,
			);
			buildRules = (
			);
			dependencies = (
			);
			name = TimeSort;
			productName = TimeSort;
			productReference = F5A69CB122A001B00032BE5D /* TimeSort.app */;
			productType = "com.apple.product-type.application";
		};
/* End PBXNativeTarget section */

/* Begin PBXProject section */
		F5A69CA922A001B00032BE5D /* Project object */ = {
			isa = PBXProject;
			attributes = {
				LastSwiftUpdateCheck = 1020;
				LastUpgradeCheck = 1020;
				ORGANIZATIONNAME = "Vlad Tkachuk";
				TargetAttributes = {
					F5A69CB022A001B00032BE5D = {
						CreatedOnToolsVersion = 10.2.1;
					};
				};
			};
			buildConfigurationList = F5A69CAC22A001B00032BE5D /* Build configuration list for PBXProject "TimeSort" */;
			compatibilityVersion = "Xcode 9.3";
			developmentRegion = en;
			hasScannedForEncodings = 0;
			knownRegions = (
				en,
				Base,
			);
			mainGroup = F5A69CA822A001B00032BE5D;
			productRefGroup = F5A69CB222A001B00032BE5D /* Products */;
			projectDirPath = "";
			projectRoot = "";
			targets = (
				F5A69CB022A001B00032BE5D /* TimeSort */,
			);
		};
/* End PBXProject section */

/* Begin PBXResourcesBuildPhase section */
		F5A69CAF22A001B00032BE5D /* Resources */ = {
			isa = PBXResourcesBuildPhase;
			buildActionMask = 2147483647;
			files = (
				F5A69CBF22A001B10032BE5D /* LaunchScreen.storyboard in Resources */,
				F5A69CBC22A001B10032BE5D /* Assets.xcassets in Resources */,
				F5A69CBA22A001B00032BE5D /* Main.storyboard in Resources */,
			);
			runOnlyForDeploymentPostprocessing = 0;
		};
/* End PBXResourcesBuildPhase section */

/* Begin PBXSourcesBuildPhase section */
		F5A69CAD22A001B00032BE5D /* Sources */ = {
			isa = PBXSourcesBuildPhase;
			buildActionMask = 2147483647;
			files = (
				F5A69CCD22A007A90032BE5D /* ShellSort.swift in Sources */,
				F5BF5D2722A123900063389E /* SortResultManager.swift in Sources */,
				F5BF5D2522A112750063389E /* ArrayTypeManager.swift in Sources */,
				F5A69CD522A00B820032BE5D /* QuickSort.swift in Sources */,
				F5BF5D2322A10EB30063389E /* SortTypeManager.swift in Sources */,
				F5A69CCB22A0078B0032BE5D /* InsertSort.swift in Sources */,
				F5A69CB722A001B00032BE5D /* ViewController.swift in Sources */,
				F5A69CC722A002C40032BE5D /* Sortable.swift in Sources */,
				F5A69CB522A001B00032BE5D /* AppDelegate.swift in Sources */,
				F5A69CCF22A007B00032BE5D /* SelectSort.swift in Sources */,
				F5A69CD322A009AB0032BE5D /* MergeSort.swift in Sources */,
				F5A69CC922A005D00032BE5D /* HeapSort.swift in Sources */,
				F5A69CD122A007BF0032BE5D /* BubbleSort.swift in Sources */,
			);
			runOnlyForDeploymentPostprocessing = 0;
		};
/* End PBXSourcesBuildPhase section */

/* Begin PBXVariantGroup section */
		F5A69CB822A001B00032BE5D /* Main.storyboard */ = {
			isa = PBXVariantGroup;
			children = (
				F5A69CB922A001B00032BE5D /* Base */,
			);
			name = Main.storyboard;
			sourceTree = "<group>";
		};
		F5A69CBD22A001B10032BE5D /* LaunchScreen.storyboard */ = {
			isa = PBXVariantGroup;
			children = (
				F5A69CBE22A001B10032BE5D /* Base */,
			);
			name = LaunchScreen.storyboard;
			sourceTree = "<group>";
		};
/* End PBXVariantGroup section */

/* Begin XCBuildConfiguration section */
		F5A69CC122A001B10032BE5D /* Debug */ = {
			isa = XCBuildConfiguration;
			buildSettings = {
				ALWAYS_SEARCH_USER_PATHS = NO;
				CLANG_ANALYZER_NONNULL = YES;
				CLANG_ANALYZER_NUMBER_OBJECT_CONVERSION = YES_AGGRESSIVE;
				CLANG_CXX_LANGUAGE_STANDARD = "gnu++14";
				CLANG_CXX_LIBRARY = "libc++";
				CLANG_ENABLE_MODULES = YES;
				CLANG_ENABLE_OBJC_ARC = YES;
				CLANG_ENABLE_OBJC_WEAK = YES;
				CLANG_WARN_BLOCK_CAPTURE_AUTORELEASING = YES;
				CLANG_WARN_BOOL_CONVERSION = YES;
				CLANG_WARN_COMMA = YES;
				CLANG_WARN_CONSTANT_CONVERSION = YES;
				CLANG_WARN_DEPRECATED_OBJC_IMPLEMENTATIONS = YES;
				CLANG_WARN_DIRECT_OBJC_ISA_USAGE = YES_ERROR;
				CLANG_WARN_DOCUMENTATION_COMMENTS = YES;
				CLANG_WARN_EMPTY_BODY = YES;
				CLANG_WARN_ENUM_CONVERSION = YES;
				CLANG_WARN_INFINITE_RECURSION = YES;
				CLANG_WARN_INT_CONVERSION = YES;
				CLANG_WARN_NON_LITERAL_NULL_CONVERSION = YES;
				CLANG_WARN_OBJC_IMPLICIT_RETAIN_SELF = YES;
				CLANG_WARN_OBJC_LITERAL_CONVERSION = YES;
				CLANG_WARN_OBJC_ROOT_CLASS = YES_ERROR;
				CLANG_WARN_RANGE_LOOP_ANALYSIS = YES;
				CLANG_WARN_STRICT_PROTOTYPES = YES;
				CLANG_WARN_SUSPICIOUS_MOVE = YES;
				CLANG_WARN_UNGUARDED_AVAILABILITY = YES_AGGRESSIVE;
				CLANG_WARN_UNREACHABLE_CODE = YES;
				CLANG_WARN__DUPLICATE_METHOD_MATCH = YES;
				CODE_SIGN_IDENTITY = "iPhone Developer";
				COPY_PHASE_STRIP = NO;
				DEBUG_INFORMATION_FORMAT = dwarf;
				ENABLE_STRICT_OBJC_MSGSEND = YES;
				ENABLE_TESTABILITY = YES;
				GCC_C_LANGUAGE_STANDARD = gnu11;
				GCC_DYNAMIC_NO_PIC = NO;
				GCC_NO_COMMON_BLOCKS = YES;
				GCC_OPTIMIZATION_LEVEL = 0;
				GCC_PREPROCESSOR_DEFINITIONS = (
					"DEBUG=1",
					"$(inherited)",
				);
				GCC_WARN_64_TO_32_BIT_CONVERSION = YES;
				GCC_WARN_ABOUT_RETURN_TYPE = YES_ERROR;
				GCC_WARN_UNDECLARED_SELECTOR = YES;
				GCC_WARN_UNINITIALIZED_AUTOS = YES_AGGRESSIVE;
				GCC_WARN_UNUSED_FUNCTION = YES;
				GCC_WARN_UNUSED_VARIABLE = YES;
				IPHONEOS_DEPLOYMENT_TARGET = 12.2;
				MTL_ENABLE_DEBUG_INFO = INCLUDE_SOURCE;
				MTL_FAST_MATH = YES;
				ONLY_ACTIVE_ARCH = YES;
				SDKROOT = iphoneos;
				SWIFT_ACTIVE_COMPILATION_CONDITIONS = DEBUG;
				SWIFT_OPTIMIZATION_LEVEL = "-Onone";
			};
			name = Debug;
		};
		F5A69CC222A001B10032BE5D /* Release */ = {
			isa = XCBuildConfiguration;
			buildSettings = {
				ALWAYS_SEARCH_USER_PATHS = NO;
				CLANG_ANALYZER_NONNULL = YES;
				CLANG_ANALYZER_NUMBER_OBJECT_CONVERSION = YES_AGGRESSIVE;
				CLANG_CXX_LANGUAGE_STANDARD = "gnu++14";
				CLANG_CXX_LIBRARY = "libc++";
				CLANG_ENABLE_MODULES = YES;
				CLANG_ENABLE_OBJC_ARC = YES;
				CLANG_ENABLE_OBJC_WEAK = YES;
				CLANG_WARN_BLOCK_CAPTURE_AUTORELEASING = YES;
				CLANG_WARN_BOOL_CONVERSION = YES;
				CLANG_WARN_COMMA = YES;
				CLANG_WARN_CONSTANT_CONVERSION = YES;
				CLANG_WARN_DEPRECATED_OBJC_IMPLEMENTATIONS = YES;
				CLANG_WARN_DIRECT_OBJC_ISA_USAGE = YES_ERROR;
				CLANG_WARN_DOCUMENTATION_COMMENTS = YES;
				CLANG_WARN_EMPTY_BODY = YES;
				CLANG_WARN_ENUM_CONVERSION = YES;
				CLANG_WARN_INFINITE_RECURSION = YES;
				CLANG_WARN_INT_CONVERSION = YES;
				CLANG_WARN_NON_LITERAL_NULL_CONVERSION = YES;
				CLANG_WARN_OBJC_IMPLICIT_RETAIN_SELF = YES;
				CLANG_WARN_OBJC_LITERAL_CONVERSION = YES;
				CLANG_WARN_OBJC_ROOT_CLASS = YES_ERROR;
				CLANG_WARN_RANGE_LOOP_ANALYSIS = YES;
				CLANG_WARN_STRICT_PROTOTYPES = YES;
				CLANG_WARN_SUSPICIOUS_MOVE = YES;
				CLANG_WARN_UNGUARDED_AVAILABILITY = YES_AGGRESSIVE;
				CLANG_WARN_UNREACHABLE_CODE = YES;
				CLANG_WARN__DUPLICATE_METHOD_MATCH = YES;
				CODE_SIGN_IDENTITY = "iPhone Developer";
				COPY_PHASE_STRIP = NO;
				DEBUG_INFORMATION_FORMAT = "dwarf-with-dsym";
				ENABLE_NS_ASSERTIONS = NO;
				ENABLE_STRICT_OBJC_MSGSEND = YES;
				GCC_C_LANGUAGE_STANDARD = gnu11;
				GCC_NO_COMMON_BLOCKS = YES;
				GCC_WARN_64_TO_32_BIT_CONVERSION = YES;
				GCC_WARN_ABOUT_RETURN_TYPE = YES_ERROR;
				GCC_WARN_UNDECLARED_SELECTOR = YES;
				GCC_WARN_UNINITIALIZED_AUTOS = YES_AGGRESSIVE;
				GCC_WARN_UNUSED_FUNCTION = YES;
				GCC_WARN_UNUSED_VARIABLE = YES;
				IPHONEOS_DEPLOYMENT_TARGET = 12.2;
				MTL_ENABLE_DEBUG_INFO = NO;
				MTL_FAST_MATH = YES;
				SDKROOT = iphoneos;
				SWIFT_COMPILATION_MODE = wholemodule;
				SWIFT_OPTIMIZATION_LEVEL = "-O";
				VALIDATE_PRODUCT = YES;
			};
			name = Release;
		};
		F5A69CC422A001B10032BE5D /* Debug */ = {
			isa = XCBuildConfiguration;
			buildSettings = {
				ASSETCATALOG_COMPILER_APPICON_NAME = AppIcon;
				CODE_SIGN_STYLE = Automatic;
				DEVELOPMENT_TEAM = 26399WDR22;
				INFOPLIST_FILE = TimeSort/Info.plist;
				LD_RUNPATH_SEARCH_PATHS = (
					"$(inherited)",
					"@executable_path/Frameworks",
				);
				PRODUCT_BUNDLE_IDENTIFIER = "com.epam.vladyslav-tkachuk1.TimeSort";
				PRODUCT_NAME = "$(TARGET_NAME)";
				SWIFT_VERSION = 5.0;
				TARGETED_DEVICE_FAMILY = "1,2";
			};
			name = Debug;
		};
		F5A69CC522A001B10032BE5D /* Release */ = {
			isa = XCBuildConfiguration;
			buildSettings = {
				ASSETCATALOG_COMPILER_APPICON_NAME = AppIcon;
				CODE_SIGN_STYLE = Automatic;
				DEVELOPMENT_TEAM = 26399WDR22;
				INFOPLIST_FILE = TimeSort/Info.plist;
				LD_RUNPATH_SEARCH_PATHS = (
					"$(inherited)",
					"@executable_path/Frameworks",
				);
				PRODUCT_BUNDLE_IDENTIFIER = "com.epam.vladyslav-tkachuk1.TimeSort";
				PRODUCT_NAME = "$(TARGET_NAME)";
				SWIFT_VERSION = 5.0;
				TARGETED_DEVICE_FAMILY = "1,2";
			};
			name = Release;
		};
/* End XCBuildConfiguration section */

/* Begin XCConfigurationList section */
		F5A69CAC22A001B00032BE5D /* Build configuration list for PBXProject "TimeSort" */ = {
			isa = XCConfigurationList;
			buildConfigurations = (
				F5A69CC122A001B10032BE5D /* Debug */,
				F5A69CC222A001B10032BE5D /* Release */,
			);
			defaultConfigurationIsVisible = 0;
			defaultConfigurationName = Release;
		};
		F5A69CC322A001B10032BE5D /* Build configuration list for PBXNativeTarget "TimeSort" */ = {
			isa = XCConfigurationList;
			buildConfigurations = (
				F5A69CC422A001B10032BE5D /* Debug */,
				F5A69CC522A001B10032BE5D /* Release */,
			);
			defaultConfigurationIsVisible = 0;
			defaultConfigurationName = Release;
		};
/* End XCConfigurationList section */
	};
	rootObject = F5A69CA922A001B00032BE5D /* Project object */;
}
