// !$*UTF8*$!
{
	archiveVersion = 1;
	classes = {
	};
	objectVersion = 50;
	objects = {

/* Begin PBXBuildFile section */
		F5B03CA322A7C8A1004328B4 /* TitleTableViewCell.swift in Sources */ = {isa = PBXBuildFile; fileRef = F5B03CA222A7C8A1004328B4 /* TitleTableViewCell.swift */; };
		F5B03CA522A7C91D004328B4 /* CollectionTableViewCell.swift in Sources */ = {isa = PBXBuildFile; fileRef = F5B03CA422A7C91D004328B4 /* CollectionTableViewCell.swift */; };
		F5B03CA722A7C952004328B4 /* WeatherInfoCollectionViewCell.swift in Sources */ = {isa = PBXBuildFile; fileRef = F5B03CA622A7C952004328B4 /* WeatherInfoCollectionViewCell.swift */; };
		F5B03CAB22A7CFB0004328B4 /* Presentation.swift in Sources */ = {isa = PBXBuildFile; fileRef = F5B03CAA22A7CFB0004328B4 /* Presentation.swift */; };
		F5B03CAD22A7D32D004328B4 /* CurrentWeather.swift in Sources */ = {isa = PBXBuildFile; fileRef = F5B03CAC22A7D32D004328B4 /* CurrentWeather.swift */; };
		F5B03CB422A7E996004328B4 /* APIManager.swift in Sources */ = {isa = PBXBuildFile; fileRef = F5B03CB322A7E996004328B4 /* APIManager.swift */; };
		F5B03CB622A7EA00004328B4 /* WeatherIconManager.swift in Sources */ = {isa = PBXBuildFile; fileRef = F5B03CB522A7EA00004328B4 /* WeatherIconManager.swift */; };
		F5B03CB822A7FB16004328B4 /* APIWeatherManager.swift in Sources */ = {isa = PBXBuildFile; fileRef = F5B03CB722A7FB16004328B4 /* APIWeatherManager.swift */; };
		F5B03CBA22A7FC2A004328B4 /* Coordinates.swift in Sources */ = {isa = PBXBuildFile; fileRef = F5B03CB922A7FC2A004328B4 /* Coordinates.swift */; };
		F5B03CBC22A80779004328B4 /* ForecastType.swift in Sources */ = {isa = PBXBuildFile; fileRef = F5B03CBB22A80779004328B4 /* ForecastType.swift */; };
		F5B03CBE22A80F84004328B4 /* WeatherTime.swift in Sources */ = {isa = PBXBuildFile; fileRef = F5B03CBD22A80F84004328B4 /* WeatherTime.swift */; };
		F5B3B76822A6A3F40011E17C /* AppDelegate.swift in Sources */ = {isa = PBXBuildFile; fileRef = F5B3B76722A6A3F40011E17C /* AppDelegate.swift */; };
		F5B3B76D22A6A3F40011E17C /* Main.storyboard in Resources */ = {isa = PBXBuildFile; fileRef = F5B3B76B22A6A3F40011E17C /* Main.storyboard */; };
		F5B3B76F22A6A3F60011E17C /* Assets.xcassets in Resources */ = {isa = PBXBuildFile; fileRef = F5B3B76E22A6A3F60011E17C /* Assets.xcassets */; };
		F5B3B77222A6A3F60011E17C /* LaunchScreen.storyboard in Resources */ = {isa = PBXBuildFile; fileRef = F5B3B77022A6A3F60011E17C /* LaunchScreen.storyboard */; };
		F5B3B77A22A6A6E90011E17C /* MainTableViewController.swift in Sources */ = {isa = PBXBuildFile; fileRef = F5B3B77922A6A6E90011E17C /* MainTableViewController.swift */; };
/* End PBXBuildFile section */

/* Begin PBXFileReference section */
		F5B03CA222A7C8A1004328B4 /* TitleTableViewCell.swift */ = {isa = PBXFileReference; lastKnownFileType = sourcecode.swift; path = TitleTableViewCell.swift; sourceTree = "<group>"; };
		F5B03CA422A7C91D004328B4 /* CollectionTableViewCell.swift */ = {isa = PBXFileReference; lastKnownFileType = sourcecode.swift; path = CollectionTableViewCell.swift; sourceTree = "<group>"; };
		F5B03CA622A7C952004328B4 /* WeatherInfoCollectionViewCell.swift */ = {isa = PBXFileReference; lastKnownFileType = sourcecode.swift; path = WeatherInfoCollectionViewCell.swift; sourceTree = "<group>"; };
		F5B03CAA22A7CFB0004328B4 /* Presentation.swift */ = {isa = PBXFileReference; lastKnownFileType = sourcecode.swift; path = Presentation.swift; sourceTree = "<group>"; };
		F5B03CAC22A7D32D004328B4 /* CurrentWeather.swift */ = {isa = PBXFileReference; lastKnownFileType = sourcecode.swift; path = CurrentWeather.swift; sourceTree = "<group>"; };
		F5B03CB322A7E996004328B4 /* APIManager.swift */ = {isa = PBXFileReference; lastKnownFileType = sourcecode.swift; path = APIManager.swift; sourceTree = "<group>"; };
		F5B03CB522A7EA00004328B4 /* WeatherIconManager.swift */ = {isa = PBXFileReference; lastKnownFileType = sourcecode.swift; path = WeatherIconManager.swift; sourceTree = "<group>"; };
		F5B03CB722A7FB16004328B4 /* APIWeatherManager.swift */ = {isa = PBXFileReference; lastKnownFileType = sourcecode.swift; path = APIWeatherManager.swift; sourceTree = "<group>"; };
		F5B03CB922A7FC2A004328B4 /* Coordinates.swift */ = {isa = PBXFileReference; lastKnownFileType = sourcecode.swift; path = Coordinates.swift; sourceTree = "<group>"; };
		F5B03CBB22A80779004328B4 /* ForecastType.swift */ = {isa = PBXFileReference; lastKnownFileType = sourcecode.swift; path = ForecastType.swift; sourceTree = "<group>"; };
		F5B03CBD22A80F84004328B4 /* WeatherTime.swift */ = {isa = PBXFileReference; lastKnownFileType = sourcecode.swift; path = WeatherTime.swift; sourceTree = "<group>"; };
		F5B3B76422A6A3F40011E17C /* WeatherApp.app */ = {isa = PBXFileReference; explicitFileType = wrapper.application; includeInIndex = 0; path = WeatherApp.app; sourceTree = BUILT_PRODUCTS_DIR; };
		F5B3B76722A6A3F40011E17C /* AppDelegate.swift */ = {isa = PBXFileReference; lastKnownFileType = sourcecode.swift; path = AppDelegate.swift; sourceTree = "<group>"; };
		F5B3B76C22A6A3F40011E17C /* Base */ = {isa = PBXFileReference; lastKnownFileType = file.storyboard; name = Base; path = Base.lproj/Main.storyboard; sourceTree = "<group>"; };
		F5B3B76E22A6A3F60011E17C /* Assets.xcassets */ = {isa = PBXFileReference; lastKnownFileType = folder.assetcatalog; path = Assets.xcassets; sourceTree = "<group>"; };
		F5B3B77122A6A3F60011E17C /* Base */ = {isa = PBXFileReference; lastKnownFileType = file.storyboard; name = Base; path = Base.lproj/LaunchScreen.storyboard; sourceTree = "<group>"; };
		F5B3B77322A6A3F60011E17C /* Info.plist */ = {isa = PBXFileReference; lastKnownFileType = text.plist.xml; path = Info.plist; sourceTree = "<group>"; };
		F5B3B77922A6A6E90011E17C /* MainTableViewController.swift */ = {isa = PBXFileReference; lastKnownFileType = sourcecode.swift; path = MainTableViewController.swift; sourceTree = "<group>"; };
/* End PBXFileReference section */

/* Begin PBXFrameworksBuildPhase section */
		F5B3B76122A6A3F40011E17C /* Frameworks */ = {
			isa = PBXFrameworksBuildPhase;
			buildActionMask = 2147483647;
			files = (
			);
			runOnlyForDeploymentPostprocessing = 0;
		};
/* End PBXFrameworksBuildPhase section */

/* Begin PBXGroup section */
		F5B03CAE22A7D72A004328B4 /* Cells */ = {
			isa = PBXGroup;
			children = (
				F5B03CA222A7C8A1004328B4 /* TitleTableViewCell.swift */,
				F5B03CA422A7C91D004328B4 /* CollectionTableViewCell.swift */,
				F5B03CA622A7C952004328B4 /* WeatherInfoCollectionViewCell.swift */,
			);
			path = Cells;
			sourceTree = "<group>";
		};
		F5B03CB022A7D73F004328B4 /* Models */ = {
			isa = PBXGroup;
			children = (
				F5B03CAA22A7CFB0004328B4 /* Presentation.swift */,
				F5B03CAC22A7D32D004328B4 /* CurrentWeather.swift */,
				F5B03CB322A7E996004328B4 /* APIManager.swift */,
				F5B03CBB22A80779004328B4 /* ForecastType.swift */,
				F5B03CBD22A80F84004328B4 /* WeatherTime.swift */,
				F5B03CB922A7FC2A004328B4 /* Coordinates.swift */,
				F5B03CB722A7FB16004328B4 /* APIWeatherManager.swift */,
				F5B03CB522A7EA00004328B4 /* WeatherIconManager.swift */,
			);
			path = Models;
			sourceTree = "<group>";
		};
		F5B03CB122A7E770004328B4 /* Controllers */ = {
			isa = PBXGroup;
			children = (
				F5B3B77922A6A6E90011E17C /* MainTableViewController.swift */,
			);
			path = Controllers;
			sourceTree = "<group>";
		};
		F5B3B75B22A6A3F40011E17C = {
			isa = PBXGroup;
			children = (
				F5B3B76622A6A3F40011E17C /* WeatherApp */,
				F5B3B76522A6A3F40011E17C /* Products */,
			);
			sourceTree = "<group>";
		};
		F5B3B76522A6A3F40011E17C /* Products */ = {
			isa = PBXGroup;
			children = (
				F5B3B76422A6A3F40011E17C /* WeatherApp.app */,
			);
			name = Products;
			sourceTree = "<group>";
		};
		F5B3B76622A6A3F40011E17C /* WeatherApp */ = {
			isa = PBXGroup;
			children = (
				F5B3B76722A6A3F40011E17C /* AppDelegate.swift */,
				F5B03CB122A7E770004328B4 /* Controllers */,
				F5B03CAE22A7D72A004328B4 /* Cells */,
				F5B03CB022A7D73F004328B4 /* Models */,
				F5B3B76B22A6A3F40011E17C /* Main.storyboard */,
				F5B3B76E22A6A3F60011E17C /* Assets.xcassets */,
				F5B3B77022A6A3F60011E17C /* LaunchScreen.storyboard */,
				F5B3B77322A6A3F60011E17C /* Info.plist */,
			);
			path = WeatherApp;
			sourceTree = "<group>";
		};
/* End PBXGroup section */

/* Begin PBXNativeTarget section */
		F5B3B76322A6A3F40011E17C /* WeatherApp */ = {
			isa = PBXNativeTarget;
			buildConfigurationList = F5B3B77622A6A3F60011E17C /* Build configuration list for PBXNativeTarget "WeatherApp" */;
			buildPhases = (
				F5B3B76022A6A3F40011E17C /* Sources */,
				F5B3B76122A6A3F40011E17C /* Frameworks */,
				F5B3B76222A6A3F40011E17C /* Resources */,
			);
			buildRules = (
			);
			dependencies = (
			);
			name = WeatherApp;
			productName = WeatherApp;
			productReference = F5B3B76422A6A3F40011E17C /* WeatherApp.app */;
			productType = "com.apple.product-type.application";
		};
/* End PBXNativeTarget section */

/* Begin PBXProject section */
		F5B3B75C22A6A3F40011E17C /* Project object */ = {
			isa = PBXProject;
			attributes = {
				LastSwiftUpdateCheck = 1020;
				LastUpgradeCheck = 1020;
				ORGANIZATIONNAME = "Vlad Tkachuk";
				TargetAttributes = {
					F5B3B76322A6A3F40011E17C = {
						CreatedOnToolsVersion = 10.2.1;
					};
				};
			};
			buildConfigurationList = F5B3B75F22A6A3F40011E17C /* Build configuration list for PBXProject "WeatherApp" */;
			compatibilityVersion = "Xcode 9.3";
			developmentRegion = en;
			hasScannedForEncodings = 0;
			knownRegions = (
				en,
				Base,
			);
			mainGroup = F5B3B75B22A6A3F40011E17C;
			productRefGroup = F5B3B76522A6A3F40011E17C /* Products */;
			projectDirPath = "";
			projectRoot = "";
			targets = (
				F5B3B76322A6A3F40011E17C /* WeatherApp */,
			);
		};
/* End PBXProject section */

/* Begin PBXResourcesBuildPhase section */
		F5B3B76222A6A3F40011E17C /* Resources */ = {
			isa = PBXResourcesBuildPhase;
			buildActionMask = 2147483647;
			files = (
				F5B3B77222A6A3F60011E17C /* LaunchScreen.storyboard in Resources */,
				F5B3B76F22A6A3F60011E17C /* Assets.xcassets in Resources */,
				F5B3B76D22A6A3F40011E17C /* Main.storyboard in Resources */,
			);
			runOnlyForDeploymentPostprocessing = 0;
		};
/* End PBXResourcesBuildPhase section */

/* Begin PBXSourcesBuildPhase section */
		F5B3B76022A6A3F40011E17C /* Sources */ = {
			isa = PBXSourcesBuildPhase;
			buildActionMask = 2147483647;
			files = (
				F5B03CB422A7E996004328B4 /* APIManager.swift in Sources */,
				F5B03CA522A7C91D004328B4 /* CollectionTableViewCell.swift in Sources */,
				F5B03CBC22A80779004328B4 /* ForecastType.swift in Sources */,
				F5B03CB622A7EA00004328B4 /* WeatherIconManager.swift in Sources */,
				F5B03CAB22A7CFB0004328B4 /* Presentation.swift in Sources */,
				F5B03CAD22A7D32D004328B4 /* CurrentWeather.swift in Sources */,
				F5B3B76822A6A3F40011E17C /* AppDelegate.swift in Sources */,
				F5B03CA322A7C8A1004328B4 /* TitleTableViewCell.swift in Sources */,
				F5B03CBE22A80F84004328B4 /* WeatherTime.swift in Sources */,
				F5B03CBA22A7FC2A004328B4 /* Coordinates.swift in Sources */,
				F5B03CA722A7C952004328B4 /* WeatherInfoCollectionViewCell.swift in Sources */,
				F5B3B77A22A6A6E90011E17C /* MainTableViewController.swift in Sources */,
				F5B03CB822A7FB16004328B4 /* APIWeatherManager.swift in Sources */,
			);
			runOnlyForDeploymentPostprocessing = 0;
		};
/* End PBXSourcesBuildPhase section */

/* Begin PBXVariantGroup section */
		F5B3B76B22A6A3F40011E17C /* Main.storyboard */ = {
			isa = PBXVariantGroup;
			children = (
				F5B3B76C22A6A3F40011E17C /* Base */,
			);
			name = Main.storyboard;
			sourceTree = "<group>";
		};
		F5B3B77022A6A3F60011E17C /* LaunchScreen.storyboard */ = {
			isa = PBXVariantGroup;
			children = (
				F5B3B77122A6A3F60011E17C /* Base */,
			);
			name = LaunchScreen.storyboard;
			sourceTree = "<group>";
		};
/* End PBXVariantGroup section */

/* Begin XCBuildConfiguration section */
		F5B3B77422A6A3F60011E17C /* Debug */ = {
			isa = XCBuildConfiguration;
			buildSettings = {
				ALWAYS_SEARCH_USER_PATHS = NO;
				CLANG_ANALYZER_NONNULL = YES;
				CLANG_ANALYZER_NUMBER_OBJECT_CONVERSION = YES_AGGRESSIVE;
				CLANG_CXX_LANGUAGE_STANDARD = "gnu++14";
				CLANG_CXX_LIBRARY = "libc++";
				CLANG_ENABLE_MODULES = YES;
				CLANG_ENABLE_OBJC_ARC = YES;
				CLANG_ENABLE_OBJC_WEAK = YES;
				CLANG_WARN_BLOCK_CAPTURE_AUTORELEASING = YES;
				CLANG_WARN_BOOL_CONVERSION = YES;
				CLANG_WARN_COMMA = YES;
				CLANG_WARN_CONSTANT_CONVERSION = YES;
				CLANG_WARN_DEPRECATED_OBJC_IMPLEMENTATIONS = YES;
				CLANG_WARN_DIRECT_OBJC_ISA_USAGE = YES_ERROR;
				CLANG_WARN_DOCUMENTATION_COMMENTS = YES;
				CLANG_WARN_EMPTY_BODY = YES;
				CLANG_WARN_ENUM_CONVERSION = YES;
				CLANG_WARN_INFINITE_RECURSION = YES;
				CLANG_WARN_INT_CONVERSION = YES;
				CLANG_WARN_NON_LITERAL_NULL_CONVERSION = YES;
				CLANG_WARN_OBJC_IMPLICIT_RETAIN_SELF = YES;
				CLANG_WARN_OBJC_LITERAL_CONVERSION = YES;
				CLANG_WARN_OBJC_ROOT_CLASS = YES_ERROR;
				CLANG_WARN_RANGE_LOOP_ANALYSIS = YES;
				CLANG_WARN_STRICT_PROTOTYPES = YES;
				CLANG_WARN_SUSPICIOUS_MOVE = YES;
				CLANG_WARN_UNGUARDED_AVAILABILITY = YES_AGGRESSIVE;
				CLANG_WARN_UNREACHABLE_CODE = YES;
				CLANG_WARN__DUPLICATE_METHOD_MATCH = YES;
				CODE_SIGN_IDENTITY = "iPhone Developer";
				COPY_PHASE_STRIP = NO;
				DEBUG_INFORMATION_FORMAT = dwarf;
				ENABLE_STRICT_OBJC_MSGSEND = YES;
				ENABLE_TESTABILITY = YES;
				GCC_C_LANGUAGE_STANDARD = gnu11;
				GCC_DYNAMIC_NO_PIC = NO;
				GCC_NO_COMMON_BLOCKS = YES;
				GCC_OPTIMIZATION_LEVEL = 0;
				GCC_PREPROCESSOR_DEFINITIONS = (
					"DEBUG=1",
					"$(inherited)",
				);
				GCC_WARN_64_TO_32_BIT_CONVERSION = YES;
				GCC_WARN_ABOUT_RETURN_TYPE = YES_ERROR;
				GCC_WARN_UNDECLARED_SELECTOR = YES;
				GCC_WARN_UNINITIALIZED_AUTOS = YES_AGGRESSIVE;
				GCC_WARN_UNUSED_FUNCTION = YES;
				GCC_WARN_UNUSED_VARIABLE = YES;
				IPHONEOS_DEPLOYMENT_TARGET = 12.2;
				MTL_ENABLE_DEBUG_INFO = INCLUDE_SOURCE;
				MTL_FAST_MATH = YES;
				ONLY_ACTIVE_ARCH = YES;
				SDKROOT = iphoneos;
				SWIFT_ACTIVE_COMPILATION_CONDITIONS = DEBUG;
				SWIFT_OPTIMIZATION_LEVEL = "-Onone";
			};
			name = Debug;
		};
		F5B3B77522A6A3F60011E17C /* Release */ = {
			isa = XCBuildConfiguration;
			buildSettings = {
				ALWAYS_SEARCH_USER_PATHS = NO;
				CLANG_ANALYZER_NONNULL = YES;
				CLANG_ANALYZER_NUMBER_OBJECT_CONVERSION = YES_AGGRESSIVE;
				CLANG_CXX_LANGUAGE_STANDARD = "gnu++14";
				CLANG_CXX_LIBRARY = "libc++";
				CLANG_ENABLE_MODULES = YES;
				CLANG_ENABLE_OBJC_ARC = YES;
				CLANG_ENABLE_OBJC_WEAK = YES;
				CLANG_WARN_BLOCK_CAPTURE_AUTORELEASING = YES;
				CLANG_WARN_BOOL_CONVERSION = YES;
				CLANG_WARN_COMMA = YES;
				CLANG_WARN_CONSTANT_CONVERSION = YES;
				CLANG_WARN_DEPRECATED_OBJC_IMPLEMENTATIONS = YES;
				CLANG_WARN_DIRECT_OBJC_ISA_USAGE = YES_ERROR;
				CLANG_WARN_DOCUMENTATION_COMMENTS = YES;
				CLANG_WARN_EMPTY_BODY = YES;
				CLANG_WARN_ENUM_CONVERSION = YES;
				CLANG_WARN_INFINITE_RECURSION = YES;
				CLANG_WARN_INT_CONVERSION = YES;
				CLANG_WARN_NON_LITERAL_NULL_CONVERSION = YES;
				CLANG_WARN_OBJC_IMPLICIT_RETAIN_SELF = YES;
				CLANG_WARN_OBJC_LITERAL_CONVERSION = YES;
				CLANG_WARN_OBJC_ROOT_CLASS = YES_ERROR;
				CLANG_WARN_RANGE_LOOP_ANALYSIS = YES;
				CLANG_WARN_STRICT_PROTOTYPES = YES;
				CLANG_WARN_SUSPICIOUS_MOVE = YES;
				CLANG_WARN_UNGUARDED_AVAILABILITY = YES_AGGRESSIVE;
				CLANG_WARN_UNREACHABLE_CODE = YES;
				CLANG_WARN__DUPLICATE_METHOD_MATCH = YES;
				CODE_SIGN_IDENTITY = "iPhone Developer";
				COPY_PHASE_STRIP = NO;
				DEBUG_INFORMATION_FORMAT = "dwarf-with-dsym";
				ENABLE_NS_ASSERTIONS = NO;
				ENABLE_STRICT_OBJC_MSGSEND = YES;
				GCC_C_LANGUAGE_STANDARD = gnu11;
				GCC_NO_COMMON_BLOCKS = YES;
				GCC_WARN_64_TO_32_BIT_CONVERSION = YES;
				GCC_WARN_ABOUT_RETURN_TYPE = YES_ERROR;
				GCC_WARN_UNDECLARED_SELECTOR = YES;
				GCC_WARN_UNINITIALIZED_AUTOS = YES_AGGRESSIVE;
				GCC_WARN_UNUSED_FUNCTION = YES;
				GCC_WARN_UNUSED_VARIABLE = YES;
				IPHONEOS_DEPLOYMENT_TARGET = 12.2;
				MTL_ENABLE_DEBUG_INFO = NO;
				MTL_FAST_MATH = YES;
				SDKROOT = iphoneos;
				SWIFT_COMPILATION_MODE = wholemodule;
				SWIFT_OPTIMIZATION_LEVEL = "-O";
				VALIDATE_PRODUCT = YES;
			};
			name = Release;
		};
		F5B3B77722A6A3F60011E17C /* Debug */ = {
			isa = XCBuildConfiguration;
			buildSettings = {
				ASSETCATALOG_COMPILER_APPICON_NAME = AppIcon;
				CODE_SIGN_STYLE = Automatic;
				DEVELOPMENT_TEAM = 26399WDR22;
				INFOPLIST_FILE = WeatherApp/Info.plist;
				LD_RUNPATH_SEARCH_PATHS = (
					"$(inherited)",
					"@executable_path/Frameworks",
				);
				PRODUCT_BUNDLE_IDENTIFIER = "com.epam.vladyslav-tkachuk1.WeatherApp";
				PRODUCT_NAME = "$(TARGET_NAME)";
				SWIFT_VERSION = 5.0;
				TARGETED_DEVICE_FAMILY = "1,2";
			};
			name = Debug;
		};
		F5B3B77822A6A3F60011E17C /* Release */ = {
			isa = XCBuildConfiguration;
			buildSettings = {
				ASSETCATALOG_COMPILER_APPICON_NAME = AppIcon;
				CODE_SIGN_STYLE = Automatic;
				DEVELOPMENT_TEAM = 26399WDR22;
				INFOPLIST_FILE = WeatherApp/Info.plist;
				LD_RUNPATH_SEARCH_PATHS = (
					"$(inherited)",
					"@executable_path/Frameworks",
				);
				PRODUCT_BUNDLE_IDENTIFIER = "com.epam.vladyslav-tkachuk1.WeatherApp";
				PRODUCT_NAME = "$(TARGET_NAME)";
				SWIFT_VERSION = 5.0;
				TARGETED_DEVICE_FAMILY = "1,2";
			};
			name = Release;
		};
/* End XCBuildConfiguration section */

/* Begin XCConfigurationList section */
		F5B3B75F22A6A3F40011E17C /* Build configuration list for PBXProject "WeatherApp" */ = {
			isa = XCConfigurationList;
			buildConfigurations = (
				F5B3B77422A6A3F60011E17C /* Debug */,
				F5B3B77522A6A3F60011E17C /* Release */,
			);
			defaultConfigurationIsVisible = 0;
			defaultConfigurationName = Release;
		};
		F5B3B77622A6A3F60011E17C /* Build configuration list for PBXNativeTarget "WeatherApp" */ = {
			isa = XCConfigurationList;
			buildConfigurations = (
				F5B3B77722A6A3F60011E17C /* Debug */,
				F5B3B77822A6A3F60011E17C /* Release */,
			);
			defaultConfigurationIsVisible = 0;
			defaultConfigurationName = Release;
		};
/* End XCConfigurationList section */
	};
	rootObject = F5B3B75C22A6A3F40011E17C /* Project object */;
}
